{
  "originHash" : "39f07f847181eb2396378232ad96a3d3fb65476245e7661f96ad2e47b44e1d22",
  "pins" : [
    {
      "identity" : "concurrentstream",
      "kind" : "remoteSourceControl",
      "location" : "https://github.com/Vaida12345/ConcurrentStream.git",
      "state" : {
        "revision" : "5b38deff93bc99abea5abfcd5290772d935cec78",
        "version" : "1.0.3"
      }
    },
    {
      "identity" : "detaileddescription",
      "kind" : "remoteSourceControl",
      "location" : "https://github.com/Vaida12345/DetailedDescription.git",
      "state" : {
        "revision" : "d4ae923e6cc5dadc7219d54cbf31912889f7bf33",
        "version" : "2.1.1"
      }
    },
    {
      "identity" : "essentials",
      "kind" : "remoteSourceControl",
      "location" : "https://github.com/Vaida12345/Essentials.git",
      "state" : {
        "revision" : "ae9f550ee34b7058a09ab1744beb5dd7312e8811",
        "version" : "1.1.13"
      }
    },
    {
      "identity" : "finderitem",
      "kind" : "remoteSourceControl",
      "location" : "https://github.com/Vaida12345/FinderItem.git",
      "state" : {
        "revision" : "9090fbb484cf526a7f12fa3a1569e6e70e3c3cfc",
        "version" : "1.3.2"
      }
    },
    {
      "identity" : "matrix",
      "kind" : "remoteSourceControl",
      "location" : "https://github.com/Vaida12345/Matrix.git",
      "state" : {
        "revision" : "9c19e2a1df264bb27fd22502e237a8a0267308ce",
        "version" : "1.0.13"
      }
    },
    {
      "identity" : "metalmanager",
      "kind" : "remoteSourceControl",
      "location" : "https://github.com/Vaida12345/MetalManager.git",
      "state" : {
        "revision" : "52994ac287351298c40d02f2100f8ef78ee4b604",
        "version" : "1.0.5"
      }
    },
    {
      "identity" : "nativeimage",
      "kind" : "remoteSourceControl",
      "location" : "https://github.com/Vaida12345/NativeImage.git",
      "state" : {
        "revision" : "e6f7a24bc49d8c39fda2ed9c97953d790d9d833e",
        "version" : "1.2.6"
      }
    },
    {
      "identity" : "optimization",
      "kind" : "remoteSourceControl",
      "location" : "https://github.com/Vaida12345/Optimization.git",
      "state" : {
        "revision" : "0d6b6957986cd8c4b8f7afb3816cd09a8da3798d",
        "version" : "1.0.12"
      }
    }
  ],
  "version" : 3
}
